// !$*UTF8*$!
{
	archiveVersion = 1;
	classes = {
	};
	objectVersion = 46;
	objects = {

/* Begin PBXBuildFile section */
		841250211CD83D2100855358 /* MYLoadImageManager.m in Sources */ = {isa = PBXBuildFile; fileRef = 841250201CD83D2100855358 /* MYLoadImageManager.m */; };
		841796291CD0CD3C0053E6FA /* LaunchImage-568h@2x.png in Resources */ = {isa = PBXBuildFile; fileRef = 841796221CD0CD3C0053E6FA /* LaunchImage-568h@2x.png */; };
		8417962A1CD0CD3C0053E6FA /* LaunchImage-700-568h@2x.png in Resources */ = {isa = PBXBuildFile; fileRef = 841796231CD0CD3C0053E6FA /* LaunchImage-700-568h@2x.png */; };
		8417962B1CD0CD3C0053E6FA /* LaunchImage-700@2x.png in Resources */ = {isa = PBXBuildFile; fileRef = 841796241CD0CD3C0053E6FA /* LaunchImage-700@2x.png */; };
		8417962C1CD0CD3C0053E6FA /* LaunchImage-800-667h@2x.png in Resources */ = {isa = PBXBuildFile; fileRef = 841796251CD0CD3C0053E6FA /* LaunchImage-800-667h@2x.png */; };
		8417962D1CD0CD3C0053E6FA /* LaunchImage-800-Portrait-736h@3x.png in Resources */ = {isa = PBXBuildFile; fileRef = 841796261CD0CD3C0053E6FA /* LaunchImage-800-Portrait-736h@3x.png */; };
		8417962E1CD0CD3C0053E6FA /* LaunchImage.png in Resources */ = {isa = PBXBuildFile; fileRef = 841796271CD0CD3C0053E6FA /* LaunchImage.png */; };
		8417962F1CD0CD3C0053E6FA /* LaunchImage@2x.png in Resources */ = {isa = PBXBuildFile; fileRef = 841796281CD0CD3C0053E6FA /* LaunchImage@2x.png */; };
		841796371CD0CDBE0053E6FA /* MYADViewController.m in Sources */ = {isa = PBXBuildFile; fileRef = 841796351CD0CDBE0053E6FA /* MYADViewController.m */; };
		841796381CD0CDBE0053E6FA /* MYADViewController.xib in Resources */ = {isa = PBXBuildFile; fileRef = 841796361CD0CDBE0053E6FA /* MYADViewController.xib */; };
		84200AA11CD232260010E8FA /* MYFoucsViewController.xib in Resources */ = {isa = PBXBuildFile; fileRef = 84200AA01CD232260010E8FA /* MYFoucsViewController.xib */; };
		84200AA51CD23DB60010E8FA /* MYLoginRegistViewController.m in Sources */ = {isa = PBXBuildFile; fileRef = 84200AA31CD23DB60010E8FA /* MYLoginRegistViewController.m */; };
		84200AA61CD23DB60010E8FA /* MYLoginRegistViewController.xib in Resources */ = {isa = PBXBuildFile; fileRef = 84200AA41CD23DB60010E8FA /* MYLoginRegistViewController.xib */; };
		84200AA91CD248900010E8FA /* MYLoginRegistView.m in Sources */ = {isa = PBXBuildFile; fileRef = 84200AA81CD248900010E8FA /* MYLoginRegistView.m */; };
		84200AAB1CD248A10010E8FA /* MYLoginRegistView.xib in Resources */ = {isa = PBXBuildFile; fileRef = 84200AAA1CD248A10010E8FA /* MYLoginRegistView.xib */; };
		84200AAE1CD267D30010E8FA /* MYFastLoginView.m in Sources */ = {isa = PBXBuildFile; fileRef = 84200AAD1CD267D30010E8FA /* MYFastLoginView.m */; };
		84200AB01CD267E90010E8FA /* MYFastLoginView.xib in Resources */ = {isa = PBXBuildFile; fileRef = 84200AAF1CD267E90010E8FA /* MYFastLoginView.xib */; };
		84693F861CD2744900A0B546 /* MYLoginRegistButton.m in Sources */ = {isa = PBXBuildFile; fileRef = 84693F851CD2744900A0B546 /* MYLoginRegistButton.m */; };
		8471ECFF1CDA17A9008527BB /* MYBaseView.m in Sources */ = {isa = PBXBuildFile; fileRef = 8471ECFE1CDA17A9008527BB /* MYBaseView.m */; };
		8471ED021CDA1860008527BB /* MYVoiceView.m in Sources */ = {isa = PBXBuildFile; fileRef = 8471ED011CDA1860008527BB /* MYVoiceView.m */; };
		8471ED041CDA186F008527BB /* MYVoiceView.xib in Resources */ = {isa = PBXBuildFile; fileRef = 8471ED031CDA186F008527BB /* MYVoiceView.xib */; };
		8471ED071CDA25AE008527BB /* MYVideoView.m in Sources */ = {isa = PBXBuildFile; fileRef = 8471ED061CDA25AE008527BB /* MYVideoView.m */; };
		8471ED091CDA25C8008527BB /* MYVideoView.xib in Resources */ = {isa = PBXBuildFile; fileRef = 8471ED081CDA25C8008527BB /* MYVideoView.xib */; };
		8471ED0C1CDA4C21008527BB /* MYCommentItem.m in Sources */ = {isa = PBXBuildFile; fileRef = 8471ED0B1CDA4C21008527BB /* MYCommentItem.m */; };
		8471ED0F1CDA4CA5008527BB /* MYUserItem.m in Sources */ = {isa = PBXBuildFile; fileRef = 8471ED0E1CDA4CA5008527BB /* MYUserItem.m */; };
		8471ED121CDA4F04008527BB /* MYHotCommentView.m in Sources */ = {isa = PBXBuildFile; fileRef = 8471ED111CDA4F04008527BB /* MYHotCommentView.m */; };
		8471ED141CDA4F18008527BB /* MYHotCommentView.xib in Resources */ = {isa = PBXBuildFile; fileRef = 8471ED131CDA4F18008527BB /* MYHotCommentView.xib */; };
		8478C0031CCE33E500358CE1 /* MYCoinViewController.m in Sources */ = {isa = PBXBuildFile; fileRef = 8478C0021CCE33E500358CE1 /* MYCoinViewController.m */; };
		848197C21CD5E4F100780E64 /* MYFileManager.m in Sources */ = {isa = PBXBuildFile; fileRef = 848197C11CD5E4F100780E64 /* MYFileManager.m */; };
		848197C61CD61A1500780E64 /* MYAllViewController.m in Sources */ = {isa = PBXBuildFile; fileRef = 848197C51CD61A1500780E64 /* MYAllViewController.m */; };
		848197C91CD61A2700780E64 /* MYVideoViewController.m in Sources */ = {isa = PBXBuildFile; fileRef = 848197C81CD61A2700780E64 /* MYVideoViewController.m */; };
		848197CC1CD61A4E00780E64 /* MYVoiceViewController.m in Sources */ = {isa = PBXBuildFile; fileRef = 848197CB1CD61A4E00780E64 /* MYVoiceViewController.m */; };
		848197CF1CD61A5D00780E64 /* MYPictureTableViewController.m in Sources */ = {isa = PBXBuildFile; fileRef = 848197CE1CD61A5D00780E64 /* MYPictureTableViewController.m */; };
		848197D21CD61A7800780E64 /* MYTextViewController.m in Sources */ = {isa = PBXBuildFile; fileRef = 848197D11CD61A7800780E64 /* MYTextViewController.m */; };
		848197D51CD62D7B00780E64 /* MYBaseMenusViewController.m in Sources */ = {isa = PBXBuildFile; fileRef = 848197D41CD62D7B00780E64 /* MYBaseMenusViewController.m */; };
		848197E01CD633E200780E64 /* MYBaseMenusViewController.h in Sources */ = {isa = PBXBuildFile; fileRef = 848197D31CD62D7B00780E64 /* MYBaseMenusViewController.h */; };
		848197E11CD6345400780E64 /* MYVideoViewController.h in Sources */ = {isa = PBXBuildFile; fileRef = 848197C71CD61A2700780E64 /* MYVideoViewController.h */; };
		848197E51CD634C600780E64 /* MYNewAllViewController.m in Sources */ = {isa = PBXBuildFile; fileRef = 848197E41CD634C600780E64 /* MYNewAllViewController.m */; };
		848197E81CD634D900780E64 /* MYNewVideoViewController.m in Sources */ = {isa = PBXBuildFile; fileRef = 848197E71CD634D900780E64 /* MYNewVideoViewController.m */; };
		848197EB1CD634EF00780E64 /* MYNewPictureViewController.m in Sources */ = {isa = PBXBuildFile; fileRef = 848197EA1CD634EF00780E64 /* MYNewPictureViewController.m */; };
		8482D4CC1CCB55A400070FAE /* main.m in Sources */ = {isa = PBXBuildFile; fileRef = 8482D4CB1CCB55A400070FAE /* main.m */; };
		8482D4CF1CCB55A500070FAE /* AppDelegate.m in Sources */ = {isa = PBXBuildFile; fileRef = 8482D4CE1CCB55A500070FAE /* AppDelegate.m */; };
		8482D4D71CCB55A500070FAE /* Assets.xcassets in Resources */ = {isa = PBXBuildFile; fileRef = 8482D4D61CCB55A500070FAE /* Assets.xcassets */; };
		8482D4DA1CCB55A500070FAE /* LaunchScreen.storyboard in Resources */ = {isa = PBXBuildFile; fileRef = 8482D4D81CCB55A500070FAE /* LaunchScreen.storyboard */; };
		8482D4E31CCB577C00070FAE /* MYViewController.m in Sources */ = {isa = PBXBuildFile; fileRef = 8482D4E21CCB577C00070FAE /* MYViewController.m */; };
		8482D4E61CCBA42800070FAE /* MYPresentViewController.m in Sources */ = {isa = PBXBuildFile; fileRef = 8482D4E51CCBA42800070FAE /* MYPresentViewController.m */; };
		8482D4E91CCBAA7600070FAE /* MYTabBar.m in Sources */ = {isa = PBXBuildFile; fileRef = 8482D4E81CCBAA7600070FAE /* MYTabBar.m */; };
		8482D50D1CCBBCD600070FAE /* MYEssenceViewController.m in Sources */ = {isa = PBXBuildFile; fileRef = 8482D50C1CCBBCD600070FAE /* MYEssenceViewController.m */; };
		8482D5101CCBBCF600070FAE /* MYFoucsViewController.m in Sources */ = {isa = PBXBuildFile; fileRef = 8482D50F1CCBBCF600070FAE /* MYFoucsViewController.m */; };
		8482D5131CCBBD1D00070FAE /* MYPersonalViewController.m in Sources */ = {isa = PBXBuildFile; fileRef = 8482D5121CCBBD1D00070FAE /* MYPersonalViewController.m */; };
		8482D5161CCBBD4300070FAE /* MYNewViewController.m in Sources */ = {isa = PBXBuildFile; fileRef = 8482D5151CCBBD4300070FAE /* MYNewViewController.m */; };
		8482D5191CCBBF2B00070FAE /* MYNavViewController.m in Sources */ = {isa = PBXBuildFile; fileRef = 8482D5181CCBBF2B00070FAE /* MYNavViewController.m */; };
		8482D51D1CCBC75600070FAE /* UIView+MYExtension.m in Sources */ = {isa = PBXBuildFile; fileRef = 8482D51C1CCBC75600070FAE /* UIView+MYExtension.m */; };
		848CFF131CCBE014002A8DF9 /* PrefixHeader.pch in Sources */ = {isa = PBXBuildFile; fileRef = 848CFF121CCBDF55002A8DF9 /* PrefixHeader.pch */; };
		84945AFB1CD0DD5300E5A7B3 /* MYADItem.m in Sources */ = {isa = PBXBuildFile; fileRef = 84945AFA1CD0DD5300E5A7B3 /* MYADItem.m */; };
		84945AFE1CD0F58F00E5A7B3 /* MYTagSubViewController.m in Sources */ = {isa = PBXBuildFile; fileRef = 84945AFD1CD0F58F00E5A7B3 /* MYTagSubViewController.m */; };
		84945B011CD1028800E5A7B3 /* MYTagItem.m in Sources */ = {isa = PBXBuildFile; fileRef = 84945B001CD1028800E5A7B3 /* MYTagItem.m */; };
		84945B051CD1047E00E5A7B3 /* MYTagCell.m in Sources */ = {isa = PBXBuildFile; fileRef = 84945B031CD1047E00E5A7B3 /* MYTagCell.m */; };
		84945B061CD1047E00E5A7B3 /* MYTagCell.xib in Resources */ = {isa = PBXBuildFile; fileRef = 84945B041CD1047E00E5A7B3 /* MYTagCell.xib */; };
		84A1795D1CDE11FD00EC24A4 /* NSDate+date.m in Sources */ = {isa = PBXBuildFile; fileRef = 84A1795C1CDE11FD00EC24A4 /* NSDate+date.m */; };
		84A436561CD479FA00B6A696 /* MYNetTurnViewController.m in Sources */ = {isa = PBXBuildFile; fileRef = 84A436541CD479FA00B6A696 /* MYNetTurnViewController.m */; };
		84A436571CD479FA00B6A696 /* MYNetTurnViewController.xib in Resources */ = {isa = PBXBuildFile; fileRef = 84A436551CD479FA00B6A696 /* MYNetTurnViewController.xib */; };
		84A79CEB1CDB637B008307CB /* MYBottomView.m in Sources */ = {isa = PBXBuildFile; fileRef = 84A79CEA1CDB637B008307CB /* MYBottomView.m */; };
		84A79CED1CDB6392008307CB /* MYBottomView.xib in Resources */ = {isa = PBXBuildFile; fileRef = 84A79CEC1CDB6392008307CB /* MYBottomView.xib */; };
		84A79CF01CDB81F5008307CB /* UIImage+Image.m in Sources */ = {isa = PBXBuildFile; fileRef = 84A79CEF1CDB81F5008307CB /* UIImage+Image.m */; };
		84AE330B1CD342990055F879 /* MYPersenalCell.m in Sources */ = {isa = PBXBuildFile; fileRef = 84AE33091CD342990055F879 /* MYPersenalCell.m */; };
		84AE330C1CD342990055F879 /* MYPersenalCell.xib in Resources */ = {isa = PBXBuildFile; fileRef = 84AE330A1CD342990055F879 /* MYPersenalCell.xib */; };
		84AE330F1CD344260055F879 /* MYExcelItem.m in Sources */ = {isa = PBXBuildFile; fileRef = 84AE330E1CD344260055F879 /* MYExcelItem.m */; };
		84B229FA1CCD08D40078456B /* MYSettingViewController.m in Sources */ = {isa = PBXBuildFile; fileRef = 84B229F91CCD08D40078456B /* MYSettingViewController.m */; };
		84B22A001CCD0A660078456B /* MYSugessionViewController.m in Sources */ = {isa = PBXBuildFile; fileRef = 84B229FF1CCD0A660078456B /* MYSugessionViewController.m */; };
		84B55C251CD769E300C71AD2 /* MYThemeCell.m in Sources */ = {isa = PBXBuildFile; fileRef = 84B55C241CD769E300C71AD2 /* MYThemeCell.m */; };
		84B55C281CD76C5E00C71AD2 /* MYThemeItem.m in Sources */ = {isa = PBXBuildFile; fileRef = 84B55C271CD76C5E00C71AD2 /* MYThemeItem.m */; };
		84B55C301CD776DA00C71AD2 /* MYTopView.m in Sources */ = {isa = PBXBuildFile; fileRef = 84B55C2F1CD776DA00C71AD2 /* MYTopView.m */; };
		84B55C321CD776EB00C71AD2 /* MYTopView.xib in Resources */ = {isa = PBXBuildFile; fileRef = 84B55C311CD776EB00C71AD2 /* MYTopView.xib */; };
		84B55C361CD7811600C71AD2 /* MYThemeViewModel.m in Sources */ = {isa = PBXBuildFile; fileRef = 84B55C351CD7811600C71AD2 /* MYThemeViewModel.m */; };
		84B55C391CD7981000C71AD2 /* MYPictureView.m in Sources */ = {isa = PBXBuildFile; fileRef = 84B55C381CD7981000C71AD2 /* MYPictureView.m */; };
		84B55C3B1CD7982600C71AD2 /* MYPictureView.xib in Resources */ = {isa = PBXBuildFile; fileRef = 84B55C3A1CD7982600C71AD2 /* MYPictureView.xib */; };
		84BA510B1CD2EF1A002BA5BF /* MYTextFiled.m in Sources */ = {isa = PBXBuildFile; fileRef = 84BA510A1CD2EF1A002BA5BF /* MYTextFiled.m */; };
		84BA510E1CD300EE002BA5BF /* UITextField+PlaceHolder.m in Sources */ = {isa = PBXBuildFile; fileRef = 84BA510D1CD300EE002BA5BF /* UITextField+PlaceHolder.m */; };
		84BA51101CD338A0002BA5BF /* MYPersonalViewController.storyboard in Resources */ = {isa = PBXBuildFile; fileRef = 84BA510F1CD338A0002BA5BF /* MYPersonalViewController.storyboard */; };
		84E02FF11CCCDDBB00B0BF9E /* UIBarButtonItem+Item.m in Sources */ = {isa = PBXBuildFile; fileRef = 84E02FF01CCCDDBB00B0BF9E /* UIBarButtonItem+Item.m */; };
		AA5A8312FA228F2D7700D4D8 /* libPods.a in Frameworks */ = {isa = PBXBuildFile; fileRef = 33D329BFFEF19C767FF33BF2 /* libPods.a */; };
/* End PBXBuildFile section */

/* Begin PBXFileReference section */
		33D329BFFEF19C767FF33BF2 /* libPods.a */ = {isa = PBXFileReference; explicitFileType = archive.ar; includeInIndex = 0; path = libPods.a; sourceTree = BUILT_PRODUCTS_DIR; };
		837E96ECB7006BC3AD62BC3A /* Pods.release.xcconfig */ = {isa = PBXFileReference; includeInIndex = 1; lastKnownFileType = text.xcconfig; name = Pods.release.xcconfig; path = "Pods/Target Support Files/Pods/Pods.release.xcconfig"; sourceTree = "<group>"; };
		8412501F1CD83D2100855358 /* MYLoadImageManager.h */ = {isa = PBXFileReference; fileEncoding = 4; lastKnownFileType = sourcecode.c.h; path = MYLoadImageManager.h; sourceTree = "<group>"; };
		841250201CD83D2100855358 /* MYLoadImageManager.m */ = {isa = PBXFileReference; fileEncoding = 4; lastKnownFileType = sourcecode.c.objc; path = MYLoadImageManager.m; sourceTree = "<group>"; };
		841796221CD0CD3C0053E6FA /* LaunchImage-568h@2x.png */ = {isa = PBXFileReference; lastKnownFileType = image.png; path = "LaunchImage-568h@2x.png"; sourceTree = "<group>"; };
		841796231CD0CD3C0053E6FA /* LaunchImage-700-568h@2x.png */ = {isa = PBXFileReference; lastKnownFileType = image.png; path = "LaunchImage-700-568h@2x.png"; sourceTree = "<group>"; };
		841796241CD0CD3C0053E6FA /* LaunchImage-700@2x.png */ = {isa = PBXFileReference; lastKnownFileType = image.png; path = "LaunchImage-700@2x.png"; sourceTree = "<group>"; };
		841796251CD0CD3C0053E6FA /* LaunchImage-800-667h@2x.png */ = {isa = PBXFileReference; lastKnownFileType = image.png; path = "LaunchImage-800-667h@2x.png"; sourceTree = "<group>"; };
		841796261CD0CD3C0053E6FA /* LaunchImage-800-Portrait-736h@3x.png */ = {isa = PBXFileReference; lastKnownFileType = image.png; path = "LaunchImage-800-Portrait-736h@3x.png"; sourceTree = "<group>"; };
		841796271CD0CD3C0053E6FA /* LaunchImage.png */ = {isa = PBXFileReference; lastKnownFileType = image.png; path = LaunchImage.png; sourceTree = "<group>"; };
		841796281CD0CD3C0053E6FA /* LaunchImage@2x.png */ = {isa = PBXFileReference; lastKnownFileType = image.png; path = "LaunchImage@2x.png"; sourceTree = "<group>"; };
		841796341CD0CDBE0053E6FA /* MYADViewController.h */ = {isa = PBXFileReference; fileEncoding = 4; lastKnownFileType = sourcecode.c.h; path = MYADViewController.h; sourceTree = "<group>"; };
		841796351CD0CDBE0053E6FA /* MYADViewController.m */ = {isa = PBXFileReference; fileEncoding = 4; lastKnownFileType = sourcecode.c.objc; path = MYADViewController.m; sourceTree = "<group>"; };
		841796361CD0CDBE0053E6FA /* MYADViewController.xib */ = {isa = PBXFileReference; fileEncoding = 4; lastKnownFileType = file.xib; path = MYADViewController.xib; sourceTree = "<group>"; };
		84200AA01CD232260010E8FA /* MYFoucsViewController.xib */ = {isa = PBXFileReference; fileEncoding = 4; lastKnownFileType = file.xib; path = MYFoucsViewController.xib; sourceTree = "<group>"; };
		84200AA21CD23DB60010E8FA /* MYLoginRegistViewController.h */ = {isa = PBXFileReference; fileEncoding = 4; lastKnownFileType = sourcecode.c.h; path = MYLoginRegistViewController.h; sourceTree = "<group>"; };
		84200AA31CD23DB60010E8FA /* MYLoginRegistViewController.m */ = {isa = PBXFileReference; fileEncoding = 4; lastKnownFileType = sourcecode.c.objc; path = MYLoginRegistViewController.m; sourceTree = "<group>"; };
		84200AA41CD23DB60010E8FA /* MYLoginRegistViewController.xib */ = {isa = PBXFileReference; fileEncoding = 4; lastKnownFileType = file.xib; path = MYLoginRegistViewController.xib; sourceTree = "<group>"; };
		84200AA71CD248900010E8FA /* MYLoginRegistView.h */ = {isa = PBXFileReference; fileEncoding = 4; lastKnownFileType = sourcecode.c.h; path = MYLoginRegistView.h; sourceTree = "<group>"; };
		84200AA81CD248900010E8FA /* MYLoginRegistView.m */ = {isa = PBXFileReference; fileEncoding = 4; lastKnownFileType = sourcecode.c.objc; path = MYLoginRegistView.m; sourceTree = "<group>"; };
		84200AAA1CD248A10010E8FA /* MYLoginRegistView.xib */ = {isa = PBXFileReference; fileEncoding = 4; lastKnownFileType = file.xib; path = MYLoginRegistView.xib; sourceTree = "<group>"; };
		84200AAC1CD267D30010E8FA /* MYFastLoginView.h */ = {isa = PBXFileReference; fileEncoding = 4; lastKnownFileType = sourcecode.c.h; path = MYFastLoginView.h; sourceTree = "<group>"; };
		84200AAD1CD267D30010E8FA /* MYFastLoginView.m */ = {isa = PBXFileReference; fileEncoding = 4; lastKnownFileType = sourcecode.c.objc; path = MYFastLoginView.m; sourceTree = "<group>"; };
		84200AAF1CD267E90010E8FA /* MYFastLoginView.xib */ = {isa = PBXFileReference; fileEncoding = 4; lastKnownFileType = file.xib; path = MYFastLoginView.xib; sourceTree = "<group>"; };
		84693F841CD2744900A0B546 /* MYLoginRegistButton.h */ = {isa = PBXFileReference; fileEncoding = 4; lastKnownFileType = sourcecode.c.h; path = MYLoginRegistButton.h; sourceTree = "<group>"; };
		84693F851CD2744900A0B546 /* MYLoginRegistButton.m */ = {isa = PBXFileReference; fileEncoding = 4; lastKnownFileType = sourcecode.c.objc; path = MYLoginRegistButton.m; sourceTree = "<group>"; };
		8471ECFD1CDA17A9008527BB /* MYBaseView.h */ = {isa = PBXFileReference; fileEncoding = 4; lastKnownFileType = sourcecode.c.h; path = MYBaseView.h; sourceTree = "<group>"; };
		8471ECFE1CDA17A9008527BB /* MYBaseView.m */ = {isa = PBXFileReference; fileEncoding = 4; lastKnownFileType = sourcecode.c.objc; path = MYBaseView.m; sourceTree = "<group>"; };
		8471ED001CDA1860008527BB /* MYVoiceView.h */ = {isa = PBXFileReference; fileEncoding = 4; lastKnownFileType = sourcecode.c.h; path = MYVoiceView.h; sourceTree = "<group>"; };
		8471ED011CDA1860008527BB /* MYVoiceView.m */ = {isa = PBXFileReference; fileEncoding = 4; lastKnownFileType = sourcecode.c.objc; path = MYVoiceView.m; sourceTree = "<group>"; };
		8471ED031CDA186F008527BB /* MYVoiceView.xib */ = {isa = PBXFileReference; fileEncoding = 4; lastKnownFileType = file.xib; path = MYVoiceView.xib; sourceTree = "<group>"; };
		8471ED051CDA25AE008527BB /* MYVideoView.h */ = {isa = PBXFileReference; fileEncoding = 4; lastKnownFileType = sourcecode.c.h; path = MYVideoView.h; sourceTree = "<group>"; };
		8471ED061CDA25AE008527BB /* MYVideoView.m */ = {isa = PBXFileReference; fileEncoding = 4; lastKnownFileType = sourcecode.c.objc; path = MYVideoView.m; sourceTree = "<group>"; };
		8471ED081CDA25C8008527BB /* MYVideoView.xib */ = {isa = PBXFileReference; fileEncoding = 4; lastKnownFileType = file.xib; path = MYVideoView.xib; sourceTree = "<group>"; };
		8471ED0A1CDA4C21008527BB /* MYCommentItem.h */ = {isa = PBXFileReference; fileEncoding = 4; lastKnownFileType = sourcecode.c.h; path = MYCommentItem.h; sourceTree = "<group>"; };
		8471ED0B1CDA4C21008527BB /* MYCommentItem.m */ = {isa = PBXFileReference; fileEncoding = 4; lastKnownFileType = sourcecode.c.objc; path = MYCommentItem.m; sourceTree = "<group>"; };
		8471ED0D1CDA4CA5008527BB /* MYUserItem.h */ = {isa = PBXFileReference; fileEncoding = 4; lastKnownFileType = sourcecode.c.h; path = MYUserItem.h; sourceTree = "<group>"; };
		8471ED0E1CDA4CA5008527BB /* MYUserItem.m */ = {isa = PBXFileReference; fileEncoding = 4; lastKnownFileType = sourcecode.c.objc; path = MYUserItem.m; sourceTree = "<group>"; };
		8471ED101CDA4F04008527BB /* MYHotCommentView.h */ = {isa = PBXFileReference; fileEncoding = 4; lastKnownFileType = sourcecode.c.h; path = MYHotCommentView.h; sourceTree = "<group>"; };
		8471ED111CDA4F04008527BB /* MYHotCommentView.m */ = {isa = PBXFileReference; fileEncoding = 4; lastKnownFileType = sourcecode.c.objc; path = MYHotCommentView.m; sourceTree = "<group>"; };
		8471ED131CDA4F18008527BB /* MYHotCommentView.xib */ = {isa = PBXFileReference; fileEncoding = 4; lastKnownFileType = file.xib; path = MYHotCommentView.xib; sourceTree = "<group>"; };
		8478C0011CCE33E500358CE1 /* MYCoinViewController.h */ = {isa = PBXFileReference; fileEncoding = 4; lastKnownFileType = sourcecode.c.h; path = MYCoinViewController.h; sourceTree = "<group>"; };
		8478C0021CCE33E500358CE1 /* MYCoinViewController.m */ = {isa = PBXFileReference; fileEncoding = 4; lastKnownFileType = sourcecode.c.objc; path = MYCoinViewController.m; sourceTree = "<group>"; };
		848197C01CD5E4F100780E64 /* MYFileManager.h */ = {isa = PBXFileReference; fileEncoding = 4; lastKnownFileType = sourcecode.c.h; path = MYFileManager.h; sourceTree = "<group>"; };
		848197C11CD5E4F100780E64 /* MYFileManager.m */ = {isa = PBXFileReference; fileEncoding = 4; lastKnownFileType = sourcecode.c.objc; path = MYFileManager.m; sourceTree = "<group>"; };
		848197C41CD61A1500780E64 /* MYAllViewController.h */ = {isa = PBXFileReference; fileEncoding = 4; lastKnownFileType = sourcecode.c.h; path = MYAllViewController.h; sourceTree = "<group>"; };
		848197C51CD61A1500780E64 /* MYAllViewController.m */ = {isa = PBXFileReference; fileEncoding = 4; lastKnownFileType = sourcecode.c.objc; path = MYAllViewController.m; sourceTree = "<group>"; };
		848197C71CD61A2700780E64 /* MYVideoViewController.h */ = {isa = PBXFileReference; fileEncoding = 4; lastKnownFileType = sourcecode.c.h; path = MYVideoViewController.h; sourceTree = "<group>"; };
		848197C81CD61A2700780E64 /* MYVideoViewController.m */ = {isa = PBXFileReference; fileEncoding = 4; lastKnownFileType = sourcecode.c.objc; path = MYVideoViewController.m; sourceTree = "<group>"; };
		848197CA1CD61A4E00780E64 /* MYVoiceViewController.h */ = {isa = PBXFileReference; fileEncoding = 4; lastKnownFileType = sourcecode.c.h; path = MYVoiceViewController.h; sourceTree = "<group>"; };
		848197CB1CD61A4E00780E64 /* MYVoiceViewController.m */ = {isa = PBXFileReference; fileEncoding = 4; lastKnownFileType = sourcecode.c.objc; path = MYVoiceViewController.m; sourceTree = "<group>"; };
		848197CD1CD61A5D00780E64 /* MYPictureTableViewController.h */ = {isa = PBXFileReference; fileEncoding = 4; lastKnownFileType = sourcecode.c.h; path = MYPictureTableViewController.h; sourceTree = "<group>"; };
		848197CE1CD61A5D00780E64 /* MYPictureTableViewController.m */ = {isa = PBXFileReference; fileEncoding = 4; lastKnownFileType = sourcecode.c.objc; path = MYPictureTableViewController.m; sourceTree = "<group>"; };
		848197D01CD61A7800780E64 /* MYTextViewController.h */ = {isa = PBXFileReference; fileEncoding = 4; lastKnownFileType = sourcecode.c.h; path = MYTextViewController.h; sourceTree = "<group>"; };
		848197D11CD61A7800780E64 /* MYTextViewController.m */ = {isa = PBXFileReference; fileEncoding = 4; lastKnownFileType = sourcecode.c.objc; path = MYTextViewController.m; sourceTree = "<group>"; };
		848197D31CD62D7B00780E64 /* MYBaseMenusViewController.h */ = {isa = PBXFileReference; fileEncoding = 4; lastKnownFileType = sourcecode.c.h; path = MYBaseMenusViewController.h; sourceTree = "<group>"; };
		848197D41CD62D7B00780E64 /* MYBaseMenusViewController.m */ = {isa = PBXFileReference; fileEncoding = 4; lastKnownFileType = sourcecode.c.objc; path = MYBaseMenusViewController.m; sourceTree = "<group>"; };
		848197E31CD634C600780E64 /* MYNewAllViewController.h */ = {isa = PBXFileReference; fileEncoding = 4; lastKnownFileType = sourcecode.c.h; path = MYNewAllViewController.h; sourceTree = "<group>"; };
		848197E41CD634C600780E64 /* MYNewAllViewController.m */ = {isa = PBXFileReference; fileEncoding = 4; lastKnownFileType = sourcecode.c.objc; path = MYNewAllViewController.m; sourceTree = "<group>"; };
		848197E61CD634D900780E64 /* MYNewVideoViewController.h */ = {isa = PBXFileReference; fileEncoding = 4; lastKnownFileType = sourcecode.c.h; path = MYNewVideoViewController.h; sourceTree = "<group>"; };
		848197E71CD634D900780E64 /* MYNewVideoViewController.m */ = {isa = PBXFileReference; fileEncoding = 4; lastKnownFileType = sourcecode.c.objc; path = MYNewVideoViewController.m; sourceTree = "<group>"; };
		848197E91CD634EF00780E64 /* MYNewPictureViewController.h */ = {isa = PBXFileReference; fileEncoding = 4; lastKnownFileType = sourcecode.c.h; path = MYNewPictureViewController.h; sourceTree = "<group>"; };
		848197EA1CD634EF00780E64 /* MYNewPictureViewController.m */ = {isa = PBXFileReference; fileEncoding = 4; lastKnownFileType = sourcecode.c.objc; path = MYNewPictureViewController.m; sourceTree = "<group>"; };
		8482D4C71CCB55A400070FAE /* 底部标签添加发布按钮.app */ = {isa = PBXFileReference; explicitFileType = wrapper.application; includeInIndex = 0; path = "底部标签添加发布按钮.app"; sourceTree = BUILT_PRODUCTS_DIR; };
		8482D4CB1CCB55A400070FAE /* main.m */ = {isa = PBXFileReference; lastKnownFileType = sourcecode.c.objc; path = main.m; sourceTree = "<group>"; };
		8482D4CD1CCB55A400070FAE /* AppDelegate.h */ = {isa = PBXFileReference; lastKnownFileType = sourcecode.c.h; name = AppDelegate.h; path = ../../AppDelegate.h; sourceTree = "<group>"; };
		8482D4CE1CCB55A500070FAE /* AppDelegate.m */ = {isa = PBXFileReference; lastKnownFileType = sourcecode.c.objc; name = AppDelegate.m; path = ../../AppDelegate.m; sourceTree = "<group>"; };
		8482D4D61CCB55A500070FAE /* Assets.xcassets */ = {isa = PBXFileReference; lastKnownFileType = folder.assetcatalog; path = Assets.xcassets; sourceTree = "<group>"; };
		8482D4D91CCB55A500070FAE /* Base */ = {isa = PBXFileReference; lastKnownFileType = file.storyboard; name = Base; path = Base.lproj/LaunchScreen.storyboard; sourceTree = "<group>"; };
		8482D4DB1CCB55A500070FAE /* Info.plist */ = {isa = PBXFileReference; lastKnownFileType = text.plist.xml; path = Info.plist; sourceTree = "<group>"; };
		8482D4E11CCB577C00070FAE /* MYViewController.h */ = {isa = PBXFileReference; fileEncoding = 4; lastKnownFileType = sourcecode.c.h; name = MYViewController.h; path = ../../../MYViewController.h; sourceTree = "<group>"; };
		8482D4E21CCB577C00070FAE /* MYViewController.m */ = {isa = PBXFileReference; fileEncoding = 4; lastKnownFileType = sourcecode.c.objc; name = MYViewController.m; path = ../../../MYViewController.m; sourceTree = "<group>"; };
		8482D4E41CCBA42700070FAE /* MYPresentViewController.h */ = {isa = PBXFileReference; fileEncoding = 4; lastKnownFileType = sourcecode.c.h; name = MYPresentViewController.h; path = ../../../MYPresentViewController.h; sourceTree = "<group>"; };
		8482D4E51CCBA42800070FAE /* MYPresentViewController.m */ = {isa = PBXFileReference; fileEncoding = 4; lastKnownFileType = sourcecode.c.objc; name = MYPresentViewController.m; path = ../../../MYPresentViewController.m; sourceTree = "<group>"; };
		8482D4E71CCBAA7600070FAE /* MYTabBar.h */ = {isa = PBXFileReference; fileEncoding = 4; lastKnownFileType = sourcecode.c.h; name = MYTabBar.h; path = ../../../MYTabBar.h; sourceTree = "<group>"; };
		8482D4E81CCBAA7600070FAE /* MYTabBar.m */ = {isa = PBXFileReference; fileEncoding = 4; lastKnownFileType = sourcecode.c.objc; name = MYTabBar.m; path = ../../../MYTabBar.m; sourceTree = "<group>"; };
		8482D50B1CCBBCD600070FAE /* MYEssenceViewController.h */ = {isa = PBXFileReference; fileEncoding = 4; lastKnownFileType = sourcecode.c.h; path = MYEssenceViewController.h; sourceTree = "<group>"; };
		8482D50C1CCBBCD600070FAE /* MYEssenceViewController.m */ = {isa = PBXFileReference; fileEncoding = 4; lastKnownFileType = sourcecode.c.objc; path = MYEssenceViewController.m; sourceTree = "<group>"; };
		8482D50E1CCBBCF600070FAE /* MYFoucsViewController.h */ = {isa = PBXFileReference; fileEncoding = 4; lastKnownFileType = sourcecode.c.h; path = MYFoucsViewController.h; sourceTree = "<group>"; };
		8482D50F1CCBBCF600070FAE /* MYFoucsViewController.m */ = {isa = PBXFileReference; fileEncoding = 4; lastKnownFileType = sourcecode.c.objc; path = MYFoucsViewController.m; sourceTree = "<group>"; };
		8482D5111CCBBD1D00070FAE /* MYPersonalViewController.h */ = {isa = PBXFileReference; fileEncoding = 4; lastKnownFileType = sourcecode.c.h; path = MYPersonalViewController.h; sourceTree = "<group>"; };
		8482D5121CCBBD1D00070FAE /* MYPersonalViewController.m */ = {isa = PBXFileReference; fileEncoding = 4; lastKnownFileType = sourcecode.c.objc; path = MYPersonalViewController.m; sourceTree = "<group>"; };
		8482D5141CCBBD4300070FAE /* MYNewViewController.h */ = {isa = PBXFileReference; fileEncoding = 4; lastKnownFileType = sourcecode.c.h; path = MYNewViewController.h; sourceTree = "<group>"; };
		8482D5151CCBBD4300070FAE /* MYNewViewController.m */ = {isa = PBXFileReference; fileEncoding = 4; lastKnownFileType = sourcecode.c.objc; path = MYNewViewController.m; sourceTree = "<group>"; };
		8482D5171CCBBF2B00070FAE /* MYNavViewController.h */ = {isa = PBXFileReference; fileEncoding = 4; lastKnownFileType = sourcecode.c.h; path = MYNavViewController.h; sourceTree = "<group>"; };
		8482D5181CCBBF2B00070FAE /* MYNavViewController.m */ = {isa = PBXFileReference; fileEncoding = 4; lastKnownFileType = sourcecode.c.objc; path = MYNavViewController.m; sourceTree = "<group>"; };
		8482D51B1CCBC75600070FAE /* UIView+MYExtension.h */ = {isa = PBXFileReference; fileEncoding = 4; lastKnownFileType = sourcecode.c.h; path = "UIView+MYExtension.h"; sourceTree = "<group>"; };
		8482D51C1CCBC75600070FAE /* UIView+MYExtension.m */ = {isa = PBXFileReference; fileEncoding = 4; lastKnownFileType = sourcecode.c.objc; path = "UIView+MYExtension.m"; sourceTree = "<group>"; };
		848CFF121CCBDF55002A8DF9 /* PrefixHeader.pch */ = {isa = PBXFileReference; fileEncoding = 4; lastKnownFileType = sourcecode.c.h; path = PrefixHeader.pch; sourceTree = "<group>"; };
		84945AF91CD0DD5300E5A7B3 /* MYADItem.h */ = {isa = PBXFileReference; fileEncoding = 4; lastKnownFileType = sourcecode.c.h; path = MYADItem.h; sourceTree = "<group>"; };
		84945AFA1CD0DD5300E5A7B3 /* MYADItem.m */ = {isa = PBXFileReference; fileEncoding = 4; lastKnownFileType = sourcecode.c.objc; path = MYADItem.m; sourceTree = "<group>"; };
		84945AFC1CD0F58F00E5A7B3 /* MYTagSubViewController.h */ = {isa = PBXFileReference; fileEncoding = 4; lastKnownFileType = sourcecode.c.h; path = MYTagSubViewController.h; sourceTree = "<group>"; };
		84945AFD1CD0F58F00E5A7B3 /* MYTagSubViewController.m */ = {isa = PBXFileReference; fileEncoding = 4; lastKnownFileType = sourcecode.c.objc; path = MYTagSubViewController.m; sourceTree = "<group>"; };
		84945AFF1CD1028800E5A7B3 /* MYTagItem.h */ = {isa = PBXFileReference; fileEncoding = 4; lastKnownFileType = sourcecode.c.h; path = MYTagItem.h; sourceTree = "<group>"; };
		84945B001CD1028800E5A7B3 /* MYTagItem.m */ = {isa = PBXFileReference; fileEncoding = 4; lastKnownFileType = sourcecode.c.objc; path = MYTagItem.m; sourceTree = "<group>"; };
		84945B021CD1047E00E5A7B3 /* MYTagCell.h */ = {isa = PBXFileReference; fileEncoding = 4; lastKnownFileType = sourcecode.c.h; path = MYTagCell.h; sourceTree = "<group>"; };
		84945B031CD1047E00E5A7B3 /* MYTagCell.m */ = {isa = PBXFileReference; fileEncoding = 4; lastKnownFileType = sourcecode.c.objc; path = MYTagCell.m; sourceTree = "<group>"; };
		84945B041CD1047E00E5A7B3 /* MYTagCell.xib */ = {isa = PBXFileReference; fileEncoding = 4; lastKnownFileType = file.xib; path = MYTagCell.xib; sourceTree = "<group>"; };
		84A1795B1CDE11FD00EC24A4 /* NSDate+date.h */ = {isa = PBXFileReference; fileEncoding = 4; lastKnownFileType = sourcecode.c.h; path = "NSDate+date.h"; sourceTree = "<group>"; };
		84A1795C1CDE11FD00EC24A4 /* NSDate+date.m */ = {isa = PBXFileReference; fileEncoding = 4; lastKnownFileType = sourcecode.c.objc; path = "NSDate+date.m"; sourceTree = "<group>"; };
		84A436531CD479FA00B6A696 /* MYNetTurnViewController.h */ = {isa = PBXFileReference; fileEncoding = 4; lastKnownFileType = sourcecode.c.h; path = MYNetTurnViewController.h; sourceTree = "<group>"; };
		84A436541CD479FA00B6A696 /* MYNetTurnViewController.m */ = {isa = PBXFileReference; fileEncoding = 4; lastKnownFileType = sourcecode.c.objc; path = MYNetTurnViewController.m; sourceTree = "<group>"; };
		84A436551CD479FA00B6A696 /* MYNetTurnViewController.xib */ = {isa = PBXFileReference; fileEncoding = 4; lastKnownFileType = file.xib; path = MYNetTurnViewController.xib; sourceTree = "<group>"; };
		84A79CE91CDB637B008307CB /* MYBottomView.h */ = {isa = PBXFileReference; fileEncoding = 4; lastKnownFileType = sourcecode.c.h; path = MYBottomView.h; sourceTree = "<group>"; };
		84A79CEA1CDB637B008307CB /* MYBottomView.m */ = {isa = PBXFileReference; fileEncoding = 4; lastKnownFileType = sourcecode.c.objc; path = MYBottomView.m; sourceTree = "<group>"; };
		84A79CEC1CDB6392008307CB /* MYBottomView.xib */ = {isa = PBXFileReference; fileEncoding = 4; lastKnownFileType = file.xib; path = MYBottomView.xib; sourceTree = "<group>"; };
		84A79CEE1CDB81F5008307CB /* UIImage+Image.h */ = {isa = PBXFileReference; fileEncoding = 4; lastKnownFileType = sourcecode.c.h; path = "UIImage+Image.h"; sourceTree = "<group>"; };
		84A79CEF1CDB81F5008307CB /* UIImage+Image.m */ = {isa = PBXFileReference; fileEncoding = 4; lastKnownFileType = sourcecode.c.objc; path = "UIImage+Image.m"; sourceTree = "<group>"; };
		84AE33081CD342990055F879 /* MYPersenalCell.h */ = {isa = PBXFileReference; fileEncoding = 4; lastKnownFileType = sourcecode.c.h; path = MYPersenalCell.h; sourceTree = "<group>"; };
		84AE33091CD342990055F879 /* MYPersenalCell.m */ = {isa = PBXFileReference; fileEncoding = 4; lastKnownFileType = sourcecode.c.objc; path = MYPersenalCell.m; sourceTree = "<group>"; };
		84AE330A1CD342990055F879 /* MYPersenalCell.xib */ = {isa = PBXFileReference; fileEncoding = 4; lastKnownFileType = file.xib; path = MYPersenalCell.xib; sourceTree = "<group>"; };
		84AE330D1CD344260055F879 /* MYExcelItem.h */ = {isa = PBXFileReference; fileEncoding = 4; lastKnownFileType = sourcecode.c.h; path = MYExcelItem.h; sourceTree = "<group>"; };
		84AE330E1CD344260055F879 /* MYExcelItem.m */ = {isa = PBXFileReference; fileEncoding = 4; lastKnownFileType = sourcecode.c.objc; path = MYExcelItem.m; sourceTree = "<group>"; };
		84B229F81CCD08D40078456B /* MYSettingViewController.h */ = {isa = PBXFileReference; fileEncoding = 4; lastKnownFileType = sourcecode.c.h; path = MYSettingViewController.h; sourceTree = "<group>"; };
		84B229F91CCD08D40078456B /* MYSettingViewController.m */ = {isa = PBXFileReference; fileEncoding = 4; lastKnownFileType = sourcecode.c.objc; path = MYSettingViewController.m; sourceTree = "<group>"; };
		84B229FE1CCD0A660078456B /* MYSugessionViewController.h */ = {isa = PBXFileReference; fileEncoding = 4; lastKnownFileType = sourcecode.c.h; path = MYSugessionViewController.h; sourceTree = "<group>"; };
		84B229FF1CCD0A660078456B /* MYSugessionViewController.m */ = {isa = PBXFileReference; fileEncoding = 4; lastKnownFileType = sourcecode.c.objc; path = MYSugessionViewController.m; sourceTree = "<group>"; };
		84B55C231CD769E300C71AD2 /* MYThemeCell.h */ = {isa = PBXFileReference; fileEncoding = 4; lastKnownFileType = sourcecode.c.h; path = MYThemeCell.h; sourceTree = "<group>"; };
		84B55C241CD769E300C71AD2 /* MYThemeCell.m */ = {isa = PBXFileReference; fileEncoding = 4; lastKnownFileType = sourcecode.c.objc; path = MYThemeCell.m; sourceTree = "<group>"; };
		84B55C261CD76C5D00C71AD2 /* MYThemeItem.h */ = {isa = PBXFileReference; fileEncoding = 4; lastKnownFileType = sourcecode.c.h; path = MYThemeItem.h; sourceTree = "<group>"; };
		84B55C271CD76C5E00C71AD2 /* MYThemeItem.m */ = {isa = PBXFileReference; fileEncoding = 4; lastKnownFileType = sourcecode.c.objc; path = MYThemeItem.m; sourceTree = "<group>"; };
		84B55C2E1CD776DA00C71AD2 /* MYTopView.h */ = {isa = PBXFileReference; fileEncoding = 4; lastKnownFileType = sourcecode.c.h; path = MYTopView.h; sourceTree = "<group>"; };
		84B55C2F1CD776DA00C71AD2 /* MYTopView.m */ = {isa = PBXFileReference; fileEncoding = 4; lastKnownFileType = sourcecode.c.objc; path = MYTopView.m; sourceTree = "<group>"; };
		84B55C311CD776EB00C71AD2 /* MYTopView.xib */ = {isa = PBXFileReference; fileEncoding = 4; lastKnownFileType = file.xib; path = MYTopView.xib; sourceTree = "<group>"; };
		84B55C341CD7811600C71AD2 /* MYThemeViewModel.h */ = {isa = PBXFileReference; fileEncoding = 4; lastKnownFileType = sourcecode.c.h; path = MYThemeViewModel.h; sourceTree = "<group>"; };
		84B55C351CD7811600C71AD2 /* MYThemeViewModel.m */ = {isa = PBXFileReference; fileEncoding = 4; lastKnownFileType = sourcecode.c.objc; path = MYThemeViewModel.m; sourceTree = "<group>"; };
		84B55C371CD7981000C71AD2 /* MYPictureView.h */ = {isa = PBXFileReference; fileEncoding = 4; lastKnownFileType = sourcecode.c.h; path = MYPictureView.h; sourceTree = "<group>"; };
		84B55C381CD7981000C71AD2 /* MYPictureView.m */ = {isa = PBXFileReference; fileEncoding = 4; lastKnownFileType = sourcecode.c.objc; path = MYPictureView.m; sourceTree = "<group>"; };
		84B55C3A1CD7982600C71AD2 /* MYPictureView.xib */ = {isa = PBXFileReference; fileEncoding = 4; lastKnownFileType = file.xib; path = MYPictureView.xib; sourceTree = "<group>"; };
		84BA51091CD2EF1A002BA5BF /* MYTextFiled.h */ = {isa = PBXFileReference; fileEncoding = 4; lastKnownFileType = sourcecode.c.h; path = MYTextFiled.h; sourceTree = "<group>"; };
		84BA510A1CD2EF1A002BA5BF /* MYTextFiled.m */ = {isa = PBXFileReference; fileEncoding = 4; lastKnownFileType = sourcecode.c.objc; path = MYTextFiled.m; sourceTree = "<group>"; };
		84BA510C1CD300EE002BA5BF /* UITextField+PlaceHolder.h */ = {isa = PBXFileReference; fileEncoding = 4; lastKnownFileType = sourcecode.c.h; path = "UITextField+PlaceHolder.h"; sourceTree = "<group>"; };
		84BA510D1CD300EE002BA5BF /* UITextField+PlaceHolder.m */ = {isa = PBXFileReference; fileEncoding = 4; lastKnownFileType = sourcecode.c.objc; path = "UITextField+PlaceHolder.m"; sourceTree = "<group>"; };
		84BA510F1CD338A0002BA5BF /* MYPersonalViewController.storyboard */ = {isa = PBXFileReference; fileEncoding = 4; lastKnownFileType = file.storyboard; path = MYPersonalViewController.storyboard; sourceTree = "<group>"; };
		84E02FEF1CCCDDBB00B0BF9E /* UIBarButtonItem+Item.h */ = {isa = PBXFileReference; fileEncoding = 4; lastKnownFileType = sourcecode.c.h; path = "UIBarButtonItem+Item.h"; sourceTree = "<group>"; };
		84E02FF01CCCDDBB00B0BF9E /* UIBarButtonItem+Item.m */ = {isa = PBXFileReference; fileEncoding = 4; lastKnownFileType = sourcecode.c.objc; path = "UIBarButtonItem+Item.m"; sourceTree = "<group>"; };
		BA58DFF13C0DD18B8D843C4F /* Pods.debug.xcconfig */ = {isa = PBXFileReference; includeInIndex = 1; lastKnownFileType = text.xcconfig; name = Pods.debug.xcconfig; path = "Pods/Target Support Files/Pods/Pods.debug.xcconfig"; sourceTree = "<group>"; };
/* End PBXFileReference section */

/* Begin PBXFrameworksBuildPhase section */
		8482D4C41CCB55A400070FAE /* Frameworks */ = {
			isa = PBXFrameworksBuildPhase;
			buildActionMask = 2147483647;
			files = (
				AA5A8312FA228F2D7700D4D8 /* libPods.a in Frameworks */,
			);
			runOnlyForDeploymentPostprocessing = 0;
		};
/* End PBXFrameworksBuildPhase section */

/* Begin PBXGroup section */
		0CB23A66604F2A13574B1FF9 /* Pods */ = {
			isa = PBXGroup;
			children = (
				BA58DFF13C0DD18B8D843C4F /* Pods.debug.xcconfig */,
				837E96ECB7006BC3AD62BC3A /* Pods.release.xcconfig */,
			);
			name = Pods;
			sourceTree = "<group>";
		};
		8412501E1CD83CAE00855358 /* LoadImageTool */ = {
			isa = PBXGroup;
			children = (
				8412501F1CD83D2100855358 /* MYLoadImageManager.h */,
				841250201CD83D2100855358 /* MYLoadImageManager.m */,
			);
			path = LoadImageTool;
			sourceTree = "<group>";
		};
		841796211CD0CD3C0053E6FA /* 启动图片 */ = {
			isa = PBXGroup;
			children = (
				841796221CD0CD3C0053E6FA /* LaunchImage-568h@2x.png */,
				841796231CD0CD3C0053E6FA /* LaunchImage-700-568h@2x.png */,
				841796241CD0CD3C0053E6FA /* LaunchImage-700@2x.png */,
				841796251CD0CD3C0053E6FA /* LaunchImage-800-667h@2x.png */,
				841796261CD0CD3C0053E6FA /* LaunchImage-800-Portrait-736h@3x.png */,
				841796271CD0CD3C0053E6FA /* LaunchImage.png */,
				841796281CD0CD3C0053E6FA /* LaunchImage@2x.png */,
			);
			path = "启动图片";
			sourceTree = "<group>";
		};
		841796301CD0CD990053E6FA /* AD(广告) */ = {
			isa = PBXGroup;
			children = (
				841796311CD0CD990053E6FA /* Controller */,
				841796321CD0CD990053E6FA /* Model */,
				841796331CD0CD990053E6FA /* View */,
			);
			path = "AD(广告)";
			sourceTree = "<group>";
		};
		841796311CD0CD990053E6FA /* Controller */ = {
			isa = PBXGroup;
			children = (
				841796341CD0CDBE0053E6FA /* MYADViewController.h */,
				841796351CD0CDBE0053E6FA /* MYADViewController.m */,
				841796361CD0CDBE0053E6FA /* MYADViewController.xib */,
			);
			path = Controller;
			sourceTree = "<group>";
		};
		841796321CD0CD990053E6FA /* Model */ = {
			isa = PBXGroup;
			children = (
				84945AF91CD0DD5300E5A7B3 /* MYADItem.h */,
				84945AFA1CD0DD5300E5A7B3 /* MYADItem.m */,
			);
			path = Model;
			sourceTree = "<group>";
		};
		841796331CD0CD990053E6FA /* View */ = {
			isa = PBXGroup;
			children = (
			);
			path = View;
			sourceTree = "<group>";
		};
		848197BF1CD5E4D400780E64 /* FileTool */ = {
			isa = PBXGroup;
			children = (
				848197C01CD5E4F100780E64 /* MYFileManager.h */,
				848197C11CD5E4F100780E64 /* MYFileManager.m */,
			);
			path = FileTool;
			sourceTree = "<group>";
		};
		848197C31CD619F900780E64 /* childController */ = {
			isa = PBXGroup;
			children = (
				848197C41CD61A1500780E64 /* MYAllViewController.h */,
				848197C51CD61A1500780E64 /* MYAllViewController.m */,
				848197C71CD61A2700780E64 /* MYVideoViewController.h */,
				848197C81CD61A2700780E64 /* MYVideoViewController.m */,
				848197CA1CD61A4E00780E64 /* MYVoiceViewController.h */,
				848197CB1CD61A4E00780E64 /* MYVoiceViewController.m */,
				848197CD1CD61A5D00780E64 /* MYPictureTableViewController.h */,
				848197CE1CD61A5D00780E64 /* MYPictureTableViewController.m */,
				848197D01CD61A7800780E64 /* MYTextViewController.h */,
				848197D11CD61A7800780E64 /* MYTextViewController.m */,
			);
			path = childController;
			sourceTree = "<group>";
		};
		848197D61CD6322200780E64 /* childController */ = {
			isa = PBXGroup;
			children = (
				848197E31CD634C600780E64 /* MYNewAllViewController.h */,
				848197E41CD634C600780E64 /* MYNewAllViewController.m */,
				848197E61CD634D900780E64 /* MYNewVideoViewController.h */,
				848197E71CD634D900780E64 /* MYNewVideoViewController.m */,
				848197E91CD634EF00780E64 /* MYNewPictureViewController.h */,
				848197EA1CD634EF00780E64 /* MYNewPictureViewController.m */,
			);
			path = childController;
			sourceTree = "<group>";
		};
		8482D4BE1CCB55A400070FAE = {
			isa = PBXGroup;
			children = (
				8482D4C91CCB55A400070FAE /* 底部标签添加发布按钮 */,
				8482D4C81CCB55A400070FAE /* Products */,
				0CB23A66604F2A13574B1FF9 /* Pods */,
				C6FAEEAC6CA8EC41E089FB19 /* Frameworks */,
			);
			sourceTree = "<group>";
		};
		8482D4C81CCB55A400070FAE /* Products */ = {
			isa = PBXGroup;
			children = (
				8482D4C71CCB55A400070FAE /* 底部标签添加发布按钮.app */,
			);
			name = Products;
			sourceTree = "<group>";
		};
		8482D4C91CCB55A400070FAE /* 底部标签添加发布按钮 */ = {
			isa = PBXGroup;
			children = (
				8482D4EA1CCBB76300070FAE /* Classes */,
				8482D4D61CCB55A500070FAE /* Assets.xcassets */,
				8482D4D81CCB55A500070FAE /* LaunchScreen.storyboard */,
				8482D4DB1CCB55A500070FAE /* Info.plist */,
				8482D4CA1CCB55A400070FAE /* Supporting Files */,
			);
			path = "底部标签添加发布按钮";
			sourceTree = "<group>";
		};
		8482D4CA1CCB55A400070FAE /* Supporting Files */ = {
			isa = PBXGroup;
			children = (
				841796211CD0CD3C0053E6FA /* 启动图片 */,
				8482D4CB1CCB55A400070FAE /* main.m */,
			);
			name = "Supporting Files";
			sourceTree = "<group>";
		};
		8482D4EA1CCBB76300070FAE /* Classes */ = {
			isa = PBXGroup;
			children = (
				841796301CD0CD990053E6FA /* AD(广告) */,
				8482D4EB1CCBB76300070FAE /* essence(精华) */,
				8482D4EF1CCBB76300070FAE /* Foucs(关注) */,
				8482D4F31CCBB76300070FAE /* Main */,
				8482D4F71CCBB76300070FAE /* Mine(我的) */,
				8482D4FB1CCBB76300070FAE /* new(新帖) */,
				8482D4FF1CCBB76300070FAE /* NewFeature */,
				8482D5031CCBB76300070FAE /* Other */,
				8482D5061CCBB76300070FAE /* Release */,
				8482D50A1CCBB76300070FAE /* Tool */,
			);
			path = Classes;
			sourceTree = "<group>";
		};
		8482D4EB1CCBB76300070FAE /* essence(精华) */ = {
			isa = PBXGroup;
			children = (
				84B55C331CD780ED00C71AD2 /* ViewModel */,
				8482D4EC1CCBB76300070FAE /* Controller */,
				8482D4ED1CCBB76300070FAE /* Model */,
				8482D4EE1CCBB76300070FAE /* View */,
			);
			path = "essence(精华)";
			sourceTree = "<group>";
		};
		8482D4EC1CCBB76300070FAE /* Controller */ = {
			isa = PBXGroup;
			children = (
				848197C31CD619F900780E64 /* childController */,
				8482D50B1CCBBCD600070FAE /* MYEssenceViewController.h */,
				8482D50C1CCBBCD600070FAE /* MYEssenceViewController.m */,
				84945AFC1CD0F58F00E5A7B3 /* MYTagSubViewController.h */,
				84945AFD1CD0F58F00E5A7B3 /* MYTagSubViewController.m */,
				848197D31CD62D7B00780E64 /* MYBaseMenusViewController.h */,
				848197D41CD62D7B00780E64 /* MYBaseMenusViewController.m */,
			);
			path = Controller;
			sourceTree = "<group>";
		};
		8482D4ED1CCBB76300070FAE /* Model */ = {
			isa = PBXGroup;
			children = (
				84945AFF1CD1028800E5A7B3 /* MYTagItem.h */,
				84945B001CD1028800E5A7B3 /* MYTagItem.m */,
				84B55C261CD76C5D00C71AD2 /* MYThemeItem.h */,
				84B55C271CD76C5E00C71AD2 /* MYThemeItem.m */,
				8471ED0A1CDA4C21008527BB /* MYCommentItem.h */,
				8471ED0B1CDA4C21008527BB /* MYCommentItem.m */,
				8471ED0D1CDA4CA5008527BB /* MYUserItem.h */,
				8471ED0E1CDA4CA5008527BB /* MYUserItem.m */,
			);
			path = Model;
			sourceTree = "<group>";
		};
		8482D4EE1CCBB76300070FAE /* View */ = {
			isa = PBXGroup;
			children = (
				84B55C221CD769B900C71AD2 /* ThemeCell */,
				84945B021CD1047E00E5A7B3 /* MYTagCell.h */,
				84945B031CD1047E00E5A7B3 /* MYTagCell.m */,
				84945B041CD1047E00E5A7B3 /* MYTagCell.xib */,
			);
			path = View;
			sourceTree = "<group>";
		};
		8482D4EF1CCBB76300070FAE /* Foucs(关注) */ = {
			isa = PBXGroup;
			children = (
				8482D4F01CCBB76300070FAE /* Controller */,
				8482D4F11CCBB76300070FAE /* Model */,
				8482D4F21CCBB76300070FAE /* View */,
			);
			path = "Foucs(关注)";
			sourceTree = "<group>";
		};
		8482D4F01CCBB76300070FAE /* Controller */ = {
			isa = PBXGroup;
			children = (
				8482D50E1CCBBCF600070FAE /* MYFoucsViewController.h */,
				8482D50F1CCBBCF600070FAE /* MYFoucsViewController.m */,
				84200AA01CD232260010E8FA /* MYFoucsViewController.xib */,
				84B229FE1CCD0A660078456B /* MYSugessionViewController.h */,
				84B229FF1CCD0A660078456B /* MYSugessionViewController.m */,
				84200AA21CD23DB60010E8FA /* MYLoginRegistViewController.h */,
				84200AA31CD23DB60010E8FA /* MYLoginRegistViewController.m */,
				84200AA41CD23DB60010E8FA /* MYLoginRegistViewController.xib */,
			);
			path = Controller;
			sourceTree = "<group>";
		};
		8482D4F11CCBB76300070FAE /* Model */ = {
			isa = PBXGroup;
			children = (
			);
			path = Model;
			sourceTree = "<group>";
		};
		8482D4F21CCBB76300070FAE /* View */ = {
			isa = PBXGroup;
			children = (
				84200AA71CD248900010E8FA /* MYLoginRegistView.h */,
				84200AA81CD248900010E8FA /* MYLoginRegistView.m */,
				84200AAA1CD248A10010E8FA /* MYLoginRegistView.xib */,
				84200AAC1CD267D30010E8FA /* MYFastLoginView.h */,
				84200AAD1CD267D30010E8FA /* MYFastLoginView.m */,
				84200AAF1CD267E90010E8FA /* MYFastLoginView.xib */,
				84693F841CD2744900A0B546 /* MYLoginRegistButton.h */,
				84693F851CD2744900A0B546 /* MYLoginRegistButton.m */,
				84BA51091CD2EF1A002BA5BF /* MYTextFiled.h */,
				84BA510A1CD2EF1A002BA5BF /* MYTextFiled.m */,
			);
			path = View;
			sourceTree = "<group>";
		};
		8482D4F31CCBB76300070FAE /* Main */ = {
			isa = PBXGroup;
			children = (
				8482D4F41CCBB76300070FAE /* Controller */,
				8482D4F51CCBB76300070FAE /* Model */,
				8482D4F61CCBB76300070FAE /* View */,
			);
			path = Main;
			sourceTree = "<group>";
		};
		8482D4F41CCBB76300070FAE /* Controller */ = {
			isa = PBXGroup;
			children = (
				8482D4E11CCB577C00070FAE /* MYViewController.h */,
				8482D4E21CCB577C00070FAE /* MYViewController.m */,
				8482D5171CCBBF2B00070FAE /* MYNavViewController.h */,
				8482D5181CCBBF2B00070FAE /* MYNavViewController.m */,
			);
			path = Controller;
			sourceTree = "<group>";
		};
		8482D4F51CCBB76300070FAE /* Model */ = {
			isa = PBXGroup;
			children = (
			);
			path = Model;
			sourceTree = "<group>";
		};
		8482D4F61CCBB76300070FAE /* View */ = {
			isa = PBXGroup;
			children = (
				8482D4E71CCBAA7600070FAE /* MYTabBar.h */,
				8482D4E81CCBAA7600070FAE /* MYTabBar.m */,
			);
			path = View;
			sourceTree = "<group>";
		};
		8482D4F71CCBB76300070FAE /* Mine(我的) */ = {
			isa = PBXGroup;
			children = (
				8482D4F81CCBB76300070FAE /* Controller */,
				8482D4F91CCBB76300070FAE /* Model */,
				8482D4FA1CCBB76300070FAE /* View */,
			);
			path = "Mine(我的)";
			sourceTree = "<group>";
		};
		8482D4F81CCBB76300070FAE /* Controller */ = {
			isa = PBXGroup;
			children = (
				8482D5111CCBBD1D00070FAE /* MYPersonalViewController.h */,
				8482D5121CCBBD1D00070FAE /* MYPersonalViewController.m */,
				84BA510F1CD338A0002BA5BF /* MYPersonalViewController.storyboard */,
				84B229F81CCD08D40078456B /* MYSettingViewController.h */,
				84B229F91CCD08D40078456B /* MYSettingViewController.m */,
				8478C0011CCE33E500358CE1 /* MYCoinViewController.h */,
				8478C0021CCE33E500358CE1 /* MYCoinViewController.m */,
				84A436531CD479FA00B6A696 /* MYNetTurnViewController.h */,
				84A436541CD479FA00B6A696 /* MYNetTurnViewController.m */,
				84A436551CD479FA00B6A696 /* MYNetTurnViewController.xib */,
			);
			path = Controller;
			sourceTree = "<group>";
		};
		8482D4F91CCBB76300070FAE /* Model */ = {
			isa = PBXGroup;
			children = (
				84AE330D1CD344260055F879 /* MYExcelItem.h */,
				84AE330E1CD344260055F879 /* MYExcelItem.m */,
			);
			path = Model;
			sourceTree = "<group>";
		};
		8482D4FA1CCBB76300070FAE /* View */ = {
			isa = PBXGroup;
			children = (
				84AE33081CD342990055F879 /* MYPersenalCell.h */,
				84AE33091CD342990055F879 /* MYPersenalCell.m */,
				84AE330A1CD342990055F879 /* MYPersenalCell.xib */,
			);
			path = View;
			sourceTree = "<group>";
		};
		8482D4FB1CCBB76300070FAE /* new(新帖) */ = {
			isa = PBXGroup;
			children = (
				8482D4FC1CCBB76300070FAE /* Controller */,
				8482D4FD1CCBB76300070FAE /* Model */,
				8482D4FE1CCBB76300070FAE /* View */,
			);
			path = "new(新帖)";
			sourceTree = "<group>";
		};
		8482D4FC1CCBB76300070FAE /* Controller */ = {
			isa = PBXGroup;
			children = (
				848197D61CD6322200780E64 /* childController */,
				8482D5141CCBBD4300070FAE /* MYNewViewController.h */,
				8482D5151CCBBD4300070FAE /* MYNewViewController.m */,
			);
			path = Controller;
			sourceTree = "<group>";
		};
		8482D4FD1CCBB76300070FAE /* Model */ = {
			isa = PBXGroup;
			children = (
			);
			path = Model;
			sourceTree = "<group>";
		};
		8482D4FE1CCBB76300070FAE /* View */ = {
			isa = PBXGroup;
			children = (
			);
			path = View;
			sourceTree = "<group>";
		};
		8482D4FF1CCBB76300070FAE /* NewFeature */ = {
			isa = PBXGroup;
			children = (
				8482D5001CCBB76300070FAE /* Controller */,
				8482D5011CCBB76300070FAE /* Model */,
				8482D5021CCBB76300070FAE /* View */,
			);
			path = NewFeature;
			sourceTree = "<group>";
		};
		8482D5001CCBB76300070FAE /* Controller */ = {
			isa = PBXGroup;
			children = (
			);
			path = Controller;
			sourceTree = "<group>";
		};
		8482D5011CCBB76300070FAE /* Model */ = {
			isa = PBXGroup;
			children = (
			);
			path = Model;
			sourceTree = "<group>";
		};
		8482D5021CCBB76300070FAE /* View */ = {
			isa = PBXGroup;
			children = (
			);
			path = View;
			sourceTree = "<group>";
		};
		8482D5031CCBB76300070FAE /* Other */ = {
			isa = PBXGroup;
			children = (
				8482D4CD1CCB55A400070FAE /* AppDelegate.h */,
				8482D4CE1CCB55A500070FAE /* AppDelegate.m */,
				848CFF121CCBDF55002A8DF9 /* PrefixHeader.pch */,
				8482D5041CCBB76300070FAE /* Catagory */,
				8482D5051CCBB76300070FAE /* Lib */,
			);
			path = Other;
			sourceTree = "<group>";
		};
		8482D5041CCBB76300070FAE /* Catagory */ = {
			isa = PBXGroup;
			children = (
				84A79CEE1CDB81F5008307CB /* UIImage+Image.h */,
				84A79CEF1CDB81F5008307CB /* UIImage+Image.m */,
				8482D51B1CCBC75600070FAE /* UIView+MYExtension.h */,
				8482D51C1CCBC75600070FAE /* UIView+MYExtension.m */,
				84E02FEF1CCCDDBB00B0BF9E /* UIBarButtonItem+Item.h */,
				84E02FF01CCCDDBB00B0BF9E /* UIBarButtonItem+Item.m */,
				84BA510C1CD300EE002BA5BF /* UITextField+PlaceHolder.h */,
				84BA510D1CD300EE002BA5BF /* UITextField+PlaceHolder.m */,
				84A1795B1CDE11FD00EC24A4 /* NSDate+date.h */,
				84A1795C1CDE11FD00EC24A4 /* NSDate+date.m */,
			);
			path = Catagory;
			sourceTree = "<group>";
		};
		8482D5051CCBB76300070FAE /* Lib */ = {
			isa = PBXGroup;
			children = (
			);
			path = Lib;
			sourceTree = "<group>";
		};
		8482D5061CCBB76300070FAE /* Release */ = {
			isa = PBXGroup;
			children = (
				8482D5071CCBB76300070FAE /* Controller */,
				8482D5081CCBB76300070FAE /* Model */,
				8482D5091CCBB76300070FAE /* View */,
			);
			path = Release;
			sourceTree = "<group>";
		};
		8482D5071CCBB76300070FAE /* Controller */ = {
			isa = PBXGroup;
			children = (
				8482D4E41CCBA42700070FAE /* MYPresentViewController.h */,
				8482D4E51CCBA42800070FAE /* MYPresentViewController.m */,
			);
			path = Controller;
			sourceTree = "<group>";
		};
		8482D5081CCBB76300070FAE /* Model */ = {
			isa = PBXGroup;
			children = (
			);
			path = Model;
			sourceTree = "<group>";
		};
		8482D5091CCBB76300070FAE /* View */ = {
			isa = PBXGroup;
			children = (
			);
			path = View;
			sourceTree = "<group>";
		};
		8482D50A1CCBB76300070FAE /* Tool */ = {
			isa = PBXGroup;
			children = (
				8412501E1CD83CAE00855358 /* LoadImageTool */,
				848197BF1CD5E4D400780E64 /* FileTool */,
			);
			path = Tool;
			sourceTree = "<group>";
		};
		84B55C221CD769B900C71AD2 /* ThemeCell */ = {
			isa = PBXGroup;
			children = (
				84B55C231CD769E300C71AD2 /* MYThemeCell.h */,
				84B55C241CD769E300C71AD2 /* MYThemeCell.m */,
				8471ECFD1CDA17A9008527BB /* MYBaseView.h */,
				8471ECFE1CDA17A9008527BB /* MYBaseView.m */,
				84B55C2E1CD776DA00C71AD2 /* MYTopView.h */,
				84B55C2F1CD776DA00C71AD2 /* MYTopView.m */,
				84B55C311CD776EB00C71AD2 /* MYTopView.xib */,
				84B55C371CD7981000C71AD2 /* MYPictureView.h */,
				84B55C381CD7981000C71AD2 /* MYPictureView.m */,
				84B55C3A1CD7982600C71AD2 /* MYPictureView.xib */,
				8471ED001CDA1860008527BB /* MYVoiceView.h */,
				8471ED011CDA1860008527BB /* MYVoiceView.m */,
				8471ED031CDA186F008527BB /* MYVoiceView.xib */,
				8471ED051CDA25AE008527BB /* MYVideoView.h */,
				8471ED061CDA25AE008527BB /* MYVideoView.m */,
				8471ED081CDA25C8008527BB /* MYVideoView.xib */,
				8471ED101CDA4F04008527BB /* MYHotCommentView.h */,
				8471ED111CDA4F04008527BB /* MYHotCommentView.m */,
				8471ED131CDA4F18008527BB /* MYHotCommentView.xib */,
				84A79CE91CDB637B008307CB /* MYBottomView.h */,
				84A79CEA1CDB637B008307CB /* MYBottomView.m */,
				84A79CEC1CDB6392008307CB /* MYBottomView.xib */,
			);
			path = ThemeCell;
			sourceTree = "<group>";
		};
		84B55C331CD780ED00C71AD2 /* ViewModel */ = {
			isa = PBXGroup;
			children = (
				84B55C341CD7811600C71AD2 /* MYThemeViewModel.h */,
				84B55C351CD7811600C71AD2 /* MYThemeViewModel.m */,
			);
			path = ViewModel;
			sourceTree = "<group>";
		};
		C6FAEEAC6CA8EC41E089FB19 /* Frameworks */ = {
			isa = PBXGroup;
			children = (
				33D329BFFEF19C767FF33BF2 /* libPods.a */,
			);
			name = Frameworks;
			sourceTree = "<group>";
		};
/* End PBXGroup section */

/* Begin PBXNativeTarget section */
		8482D4C61CCB55A400070FAE /* 底部标签添加发布按钮 */ = {
			isa = PBXNativeTarget;
			buildConfigurationList = 8482D4DE1CCB55A500070FAE /* Build configuration list for PBXNativeTarget "底部标签添加发布按钮" */;
			buildPhases = (
				ED03765904E34613D4F4BC55 /* Check Pods Manifest.lock */,
				8482D4C31CCB55A400070FAE /* Sources */,
				8482D4C41CCB55A400070FAE /* Frameworks */,
				8482D4C51CCB55A400070FAE /* Resources */,
				FD240C954463013C8D9836B8 /* Embed Pods Frameworks */,
				C8C9C4CD3A3B563D01DA2585 /* Copy Pods Resources */,
			);
			buildRules = (
			);
			dependencies = (
			);
			name = "底部标签添加发布按钮";
			productName = "底部标签添加发布按钮";
			productReference = 8482D4C71CCB55A400070FAE /* 底部标签添加发布按钮.app */;
			productType = "com.apple.product-type.application";
		};
/* End PBXNativeTarget section */

/* Begin PBXProject section */
		8482D4BF1CCB55A400070FAE /* Project object */ = {
			isa = PBXProject;
			attributes = {
				CLASSPREFIX = MY;
				LastUpgradeCheck = 0720;
				ORGANIZATIONNAME = "程涛";
				TargetAttributes = {
					8482D4C61CCB55A400070FAE = {
						CreatedOnToolsVersion = 7.2;
					};
				};
			};
			buildConfigurationList = 8482D4C21CCB55A400070FAE /* Build configuration list for PBXProject "底部标签添加发布按钮" */;
			compatibilityVersion = "Xcode 3.2";
			developmentRegion = English;
			hasScannedForEncodings = 0;
			knownRegions = (
				en,
				Base,
			);
			mainGroup = 8482D4BE1CCB55A400070FAE;
			productRefGroup = 8482D4C81CCB55A400070FAE /* Products */;
			projectDirPath = "";
			projectRoot = "";
			targets = (
				8482D4C61CCB55A400070FAE /* 底部标签添加发布按钮 */,
			);
		};
/* End PBXProject section */

/* Begin PBXResourcesBuildPhase section */
		8482D4C51CCB55A400070FAE /* Resources */ = {
			isa = PBXResourcesBuildPhase;
			buildActionMask = 2147483647;
			files = (
				84945B061CD1047E00E5A7B3 /* MYTagCell.xib in Resources */,
				8417962E1CD0CD3C0053E6FA /* LaunchImage.png in Resources */,
				8417962F1CD0CD3C0053E6FA /* LaunchImage@2x.png in Resources */,
				84B55C3B1CD7982600C71AD2 /* MYPictureView.xib in Resources */,
				84A436571CD479FA00B6A696 /* MYNetTurnViewController.xib in Resources */,
				8471ED141CDA4F18008527BB /* MYHotCommentView.xib in Resources */,
				84200AA11CD232260010E8FA /* MYFoucsViewController.xib in Resources */,
				84A79CED1CDB6392008307CB /* MYBottomView.xib in Resources */,
				84200AAB1CD248A10010E8FA /* MYLoginRegistView.xib in Resources */,
				8482D4DA1CCB55A500070FAE /* LaunchScreen.storyboard in Resources */,
				841796381CD0CDBE0053E6FA /* MYADViewController.xib in Resources */,
				8471ED041CDA186F008527BB /* MYVoiceView.xib in Resources */,
				84200AB01CD267E90010E8FA /* MYFastLoginView.xib in Resources */,
				84AE330C1CD342990055F879 /* MYPersenalCell.xib in Resources */,
				8471ED091CDA25C8008527BB /* MYVideoView.xib in Resources */,
				8417962C1CD0CD3C0053E6FA /* LaunchImage-800-667h@2x.png in Resources */,
				84B55C321CD776EB00C71AD2 /* MYTopView.xib in Resources */,
				841796291CD0CD3C0053E6FA /* LaunchImage-568h@2x.png in Resources */,
				8417962B1CD0CD3C0053E6FA /* LaunchImage-700@2x.png in Resources */,
				84BA51101CD338A0002BA5BF /* MYPersonalViewController.storyboard in Resources */,
				8417962A1CD0CD3C0053E6FA /* LaunchImage-700-568h@2x.png in Resources */,
				8482D4D71CCB55A500070FAE /* Assets.xcassets in Resources */,
				84200AA61CD23DB60010E8FA /* MYLoginRegistViewController.xib in Resources */,
				8417962D1CD0CD3C0053E6FA /* LaunchImage-800-Portrait-736h@3x.png in Resources */,
			);
			runOnlyForDeploymentPostprocessing = 0;
		};
/* End PBXResourcesBuildPhase section */

/* Begin PBXShellScriptBuildPhase section */
		C8C9C4CD3A3B563D01DA2585 /* Copy Pods Resources */ = {
			isa = PBXShellScriptBuildPhase;
			buildActionMask = 2147483647;
			files = (
			);
			inputPaths = (
			);
			name = "Copy Pods Resources";
			outputPaths = (
			);
			runOnlyForDeploymentPostprocessing = 0;
			shellPath = /bin/sh;
			shellScript = "\"${SRCROOT}/Pods/Target Support Files/Pods/Pods-resources.sh\"\n";
			showEnvVarsInLog = 0;
		};
		ED03765904E34613D4F4BC55 /* Check Pods Manifest.lock */ = {
			isa = PBXShellScriptBuildPhase;
			buildActionMask = 2147483647;
			files = (
			);
			inputPaths = (
			);
			name = "Check Pods Manifest.lock";
			outputPaths = (
			);
			runOnlyForDeploymentPostprocessing = 0;
			shellPath = /bin/sh;
			shellScript = "diff \"${PODS_ROOT}/../Podfile.lock\" \"${PODS_ROOT}/Manifest.lock\" > /dev/null\nif [[ $? != 0 ]] ; then\n    cat << EOM\nerror: The sandbox is not in sync with the Podfile.lock. Run 'pod install' or update your CocoaPods installation.\nEOM\n    exit 1\nfi\n";
			showEnvVarsInLog = 0;
		};
		FD240C954463013C8D9836B8 /* Embed Pods Frameworks */ = {
			isa = PBXShellScriptBuildPhase;
			buildActionMask = 2147483647;
			files = (
			);
			inputPaths = (
			);
			name = "Embed Pods Frameworks";
			outputPaths = (
			);
			runOnlyForDeploymentPostprocessing = 0;
			shellPath = /bin/sh;
			shellScript = "\"${SRCROOT}/Pods/Target Support Files/Pods/Pods-frameworks.sh\"\n";
			showEnvVarsInLog = 0;
		};
/* End PBXShellScriptBuildPhase section */

/* Begin PBXSourcesBuildPhase section */
		8482D4C31CCB55A400070FAE /* Sources */ = {
			isa = PBXSourcesBuildPhase;
			buildActionMask = 2147483647;
			files = (
				848197E11CD6345400780E64 /* MYVideoViewController.h in Sources */,
				8471ED021CDA1860008527BB /* MYVoiceView.m in Sources */,
				84B55C391CD7981000C71AD2 /* MYPictureView.m in Sources */,
				848197E01CD633E200780E64 /* MYBaseMenusViewController.h in Sources */,
				848CFF131CCBE014002A8DF9 /* PrefixHeader.pch in Sources */,
				84BA510E1CD300EE002BA5BF /* UITextField+PlaceHolder.m in Sources */,
				848197CF1CD61A5D00780E64 /* MYPictureTableViewController.m in Sources */,
				848197C91CD61A2700780E64 /* MYVideoViewController.m in Sources */,
				848197EB1CD634EF00780E64 /* MYNewPictureViewController.m in Sources */,
				8471ECFF1CDA17A9008527BB /* MYBaseView.m in Sources */,
				848197C21CD5E4F100780E64 /* MYFileManager.m in Sources */,
				84B55C281CD76C5E00C71AD2 /* MYThemeItem.m in Sources */,
				84BA510B1CD2EF1A002BA5BF /* MYTextFiled.m in Sources */,
				8471ED0F1CDA4CA5008527BB /* MYUserItem.m in Sources */,
				84B55C301CD776DA00C71AD2 /* MYTopView.m in Sources */,
				84A436561CD479FA00B6A696 /* MYNetTurnViewController.m in Sources */,
				84AE330B1CD342990055F879 /* MYPersenalCell.m in Sources */,
				8482D51D1CCBC75600070FAE /* UIView+MYExtension.m in Sources */,
				8482D4E31CCB577C00070FAE /* MYViewController.m in Sources */,
				84945B051CD1047E00E5A7B3 /* MYTagCell.m in Sources */,
				848197D51CD62D7B00780E64 /* MYBaseMenusViewController.m in Sources */,
				84200AA51CD23DB60010E8FA /* MYLoginRegistViewController.m in Sources */,
				841250211CD83D2100855358 /* MYLoadImageManager.m in Sources */,
				84945B011CD1028800E5A7B3 /* MYTagItem.m in Sources */,
				8482D5161CCBBD4300070FAE /* MYNewViewController.m in Sources */,
				84A79CF01CDB81F5008307CB /* UIImage+Image.m in Sources */,
				84A1795D1CDE11FD00EC24A4 /* NSDate+date.m in Sources */,
				84B55C251CD769E300C71AD2 /* MYThemeCell.m in Sources */,
				8482D5191CCBBF2B00070FAE /* MYNavViewController.m in Sources */,
				84945AFE1CD0F58F00E5A7B3 /* MYTagSubViewController.m in Sources */,
				848197C61CD61A1500780E64 /* MYAllViewController.m in Sources */,
				8482D4CF1CCB55A500070FAE /* AppDelegate.m in Sources */,
				8482D4E91CCBAA7600070FAE /* MYTabBar.m in Sources */,
				84945AFB1CD0DD5300E5A7B3 /* MYADItem.m in Sources */,
				84200AAE1CD267D30010E8FA /* MYFastLoginView.m in Sources */,
				8471ED071CDA25AE008527BB /* MYVideoView.m in Sources */,
				84200AA91CD248900010E8FA /* MYLoginRegistView.m in Sources */,
				8471ED0C1CDA4C21008527BB /* MYCommentItem.m in Sources */,
				848197CC1CD61A4E00780E64 /* MYVoiceViewController.m in Sources */,
				848197E81CD634D900780E64 /* MYNewVideoViewController.m in Sources */,
				8482D4E61CCBA42800070FAE /* MYPresentViewController.m in Sources */,
				84B55C361CD7811600C71AD2 /* MYThemeViewModel.m in Sources */,
				84B229FA1CCD08D40078456B /* MYSettingViewController.m in Sources */,
				841796371CD0CDBE0053E6FA /* MYADViewController.m in Sources */,
				84E02FF11CCCDDBB00B0BF9E /* UIBarButtonItem+Item.m in Sources */,
				84693F861CD2744900A0B546 /* MYLoginRegistButton.m in Sources */,
				84A79CEB1CDB637B008307CB /* MYBottomView.m in Sources */,
				8482D50D1CCBBCD600070FAE /* MYEssenceViewController.m in Sources */,
				84AE330F1CD344260055F879 /* MYExcelItem.m in Sources */,
				8471ED121CDA4F04008527BB /* MYHotCommentView.m in Sources */,
				84B22A001CCD0A660078456B /* MYSugessionViewController.m in Sources */,
				848197D21CD61A7800780E64 /* MYTextViewController.m in Sources */,
				848197E51CD634C600780E64 /* MYNewAllViewController.m in Sources */,
				8482D5101CCBBCF600070FAE /* MYFoucsViewController.m in Sources */,
				8482D5131CCBBD1D00070FAE /* MYPersonalViewController.m in Sources */,
				8482D4CC1CCB55A400070FAE /* main.m in Sources */,
				8478C0031CCE33E500358CE1 /* MYCoinViewController.m in Sources */,
			);
			runOnlyForDeploymentPostprocessing = 0;
		};
/* End PBXSourcesBuildPhase section */

/* Begin PBXVariantGroup section */
		8482D4D81CCB55A500070FAE /* LaunchScreen.storyboard */ = {
			isa = PBXVariantGroup;
			children = (
				8482D4D91CCB55A500070FAE /* Base */,
			);
			name = LaunchScreen.storyboard;
			sourceTree = "<group>";
		};
/* End PBXVariantGroup section */

/* Begin XCBuildConfiguration section */
		8482D4DC1CCB55A500070FAE /* Debug */ = {
			isa = XCBuildConfiguration;
			buildSettings = {
				ALWAYS_SEARCH_USER_PATHS = NO;
				CLANG_CXX_LANGUAGE_STANDARD = "gnu++0x";
				CLANG_CXX_LIBRARY = "libc++";
				CLANG_ENABLE_MODULES = YES;
				CLANG_ENABLE_OBJC_ARC = YES;
				CLANG_WARN_BOOL_CONVERSION = YES;
				CLANG_WARN_CONSTANT_CONVERSION = YES;
				CLANG_WARN_DIRECT_OBJC_ISA_USAGE = YES_ERROR;
				CLANG_WARN_EMPTY_BODY = YES;
				CLANG_WARN_ENUM_CONVERSION = YES;
				CLANG_WARN_INT_CONVERSION = YES;
				CLANG_WARN_OBJC_ROOT_CLASS = YES_ERROR;
				CLANG_WARN_UNREACHABLE_CODE = YES;
				CLANG_WARN__DUPLICATE_METHOD_MATCH = YES;
				"CODE_SIGN_IDENTITY[sdk=iphoneos*]" = "iPhone Developer";
				COPY_PHASE_STRIP = NO;
				DEBUG_INFORMATION_FORMAT = dwarf;
				ENABLE_STRICT_OBJC_MSGSEND = YES;
				ENABLE_TESTABILITY = YES;
				GCC_C_LANGUAGE_STANDARD = gnu99;
				GCC_DYNAMIC_NO_PIC = NO;
				GCC_NO_COMMON_BLOCKS = YES;
				GCC_OPTIMIZATION_LEVEL = 0;
				GCC_PREPROCESSOR_DEFINITIONS = (
					"DEBUG=1",
					"$(inherited)",
				);
				GCC_WARN_64_TO_32_BIT_CONVERSION = YES;
				GCC_WARN_ABOUT_RETURN_TYPE = YES_ERROR;
				GCC_WARN_UNDECLARED_SELECTOR = YES;
				GCC_WARN_UNINITIALIZED_AUTOS = YES_AGGRESSIVE;
				GCC_WARN_UNUSED_FUNCTION = YES;
				GCC_WARN_UNUSED_VARIABLE = YES;
				IPHONEOS_DEPLOYMENT_TARGET = 9.2;
				MTL_ENABLE_DEBUG_INFO = YES;
				ONLY_ACTIVE_ARCH = YES;
				SDKROOT = iphoneos;
				TARGETED_DEVICE_FAMILY = "1,2";
			};
			name = Debug;
		};
		8482D4DD1CCB55A500070FAE /* Release */ = {
			isa = XCBuildConfiguration;
			buildSettings = {
				ALWAYS_SEARCH_USER_PATHS = NO;
				CLANG_CXX_LANGUAGE_STANDARD = "gnu++0x";
				CLANG_CXX_LIBRARY = "libc++";
				CLANG_ENABLE_MODULES = YES;
				CLANG_ENABLE_OBJC_ARC = YES;
				CLANG_WARN_BOOL_CONVERSION = YES;
				CLANG_WARN_CONSTANT_CONVERSION = YES;
				CLANG_WARN_DIRECT_OBJC_ISA_USAGE = YES_ERROR;
				CLANG_WARN_EMPTY_BODY = YES;
				CLANG_WARN_ENUM_CONVERSION = YES;
				CLANG_WARN_INT_CONVERSION = YES;
				CLANG_WARN_OBJC_ROOT_CLASS = YES_ERROR;
				CLANG_WARN_UNREACHABLE_CODE = YES;
				CLANG_WARN__DUPLICATE_METHOD_MATCH = YES;
				"CODE_SIGN_IDENTITY[sdk=iphoneos*]" = "iPhone Developer";
				COPY_PHASE_STRIP = NO;
				DEBUG_INFORMATION_FORMAT = "dwarf-with-dsym";
				ENABLE_NS_ASSERTIONS = NO;
				ENABLE_STRICT_OBJC_MSGSEND = YES;
				GCC_C_LANGUAGE_STANDARD = gnu99;
				GCC_NO_COMMON_BLOCKS = YES;
				GCC_WARN_64_TO_32_BIT_CONVERSION = YES;
				GCC_WARN_ABOUT_RETURN_TYPE = YES_ERROR;
				GCC_WARN_UNDECLARED_SELECTOR = YES;
				GCC_WARN_UNINITIALIZED_AUTOS = YES_AGGRESSIVE;
				GCC_WARN_UNUSED_FUNCTION = YES;
				GCC_WARN_UNUSED_VARIABLE = YES;
				IPHONEOS_DEPLOYMENT_TARGET = 9.2;
				MTL_ENABLE_DEBUG_INFO = NO;
				SDKROOT = iphoneos;
				TARGETED_DEVICE_FAMILY = "1,2";
				VALIDATE_PRODUCT = YES;
			};
			name = Release;
		};
		8482D4DF1CCB55A500070FAE /* Debug */ = {
			isa = XCBuildConfiguration;
			baseConfigurationReference = BA58DFF13C0DD18B8D843C4F /* Pods.debug.xcconfig */;
			buildSettings = {
				ASSETCATALOG_COMPILER_APPICON_NAME = AppIcon;
				ENABLE_STRICT_OBJC_MSGSEND = NO;
				GCC_PRECOMPILE_PREFIX_HEADER = YES;
				GCC_PREFIX_HEADER = "底部标签添加发布按钮/Classes/Other/PrefixHeader.pch";
				INFOPLIST_FILE = "底部标签添加发布按钮/Info.plist";
				LD_RUNPATH_SEARCH_PATHS = "$(inherited) @executable_path/Frameworks";
				PRODUCT_BUNDLE_IDENTIFIER = "com.520it.----------";
				PRODUCT_NAME = "$(TARGET_NAME)";
			};
			name = Debug;
		};
		8482D4E01CCB55A500070FAE /* Release */ = {
			isa = XCBuildConfiguration;
			baseConfigurationReference = 837E96ECB7006BC3AD62BC3A /* Pods.release.xcconfig */;
			buildSettings = {
				ASSETCATALOG_COMPILER_APPICON_NAME = AppIcon;
				ENABLE_STRICT_OBJC_MSGSEND = NO;
				GCC_PRECOMPILE_PREFIX_HEADER = YES;
				GCC_PREFIX_HEADER = "底部标签添加发布按钮/Classes/Other/PrefixHeader.pch";
				INFOPLIST_FILE = "底部标签添加发布按钮/Info.plist";
				LD_RUNPATH_SEARCH_PATHS = "$(inherited) @executable_path/Frameworks";
				PRODUCT_BUNDLE_IDENTIFIER = "com.520it.----------";
				PRODUCT_NAME = "$(TARGET_NAME)";
			};
			name = Release;
		};
/* End XCBuildConfiguration section */

/* Begin XCConfigurationList section */
		8482D4C21CCB55A400070FAE /* Build configuration list for PBXProject "底部标签添加发布按钮" */ = {
			isa = XCConfigurationList;
			buildConfigurations = (
				8482D4DC1CCB55A500070FAE /* Debug */,
				8482D4DD1CCB55A500070FAE /* Release */,
			);
			defaultConfigurationIsVisible = 0;
			defaultConfigurationName = Release;
		};
		8482D4DE1CCB55A500070FAE /* Build configuration list for PBXNativeTarget "底部标签添加发布按钮" */ = {
			isa = XCConfigurationList;
			buildConfigurations = (
				8482D4DF1CCB55A500070FAE /* Debug */,
				8482D4E01CCB55A500070FAE /* Release */,
			);
			defaultConfigurationIsVisible = 0;
			defaultConfigurationName = Release;
		};
/* End XCConfigurationList section */
	};
	rootObject = 8482D4BF1CCB55A400070FAE /* Project object */;
}
